
Microsoft Visual Studio Solution File, Format Version 12.00
# Visual Studio Version 17
VisualStudioVersion = 17.0.31912.275
MinimumVisualStudioVersion = 10.0.40219.1
Project("{9A19103F-16F7-4668-BE54-9A1E7A4F7556}") = "KampIntro", "KampIntro\KampIntro.csproj", "{D8CA9FA5-04BA-413C-92E4-D87F3B46360E}"
EndProject
Project("{9A19103F-16F7-4668-BE54-9A1E7A4F7556}") = "Loops", "Loops\Loops.csproj", "{CCC76F95-299A-4733-A31D-C7B11EFBCD45}"
EndProject
Project("{9A19103F-16F7-4668-BE54-9A1E7A4F7556}") = "ClassIntro", "ClassIntro\ClassIntro.csproj", "{AFA33370-C2FB-4921-ADEF-1D2E88CC364D}"
EndProject
Project("{FAE04EC0-301F-11D3-BF4B-00C04F79EFBC}") = "Methods", "Methods\Methods.csproj", "{6B896044-3E5E-4B36-AC17-81423ADC591F}"
EndProject
Project("{FAE04EC0-301F-11D3-BF4B-00C04F79EFBC}") = "Mathematic", "Mathematic\Mathematic.csproj", "{41DEC847-C2C9-4A7B-BC41-E1E09F09C99E}"
EndProject
Project("{FAE04EC0-301F-11D3-BF4B-00C04F79EFBC}") = "DegerVeReferansTipler", "DegerVeReferansTipler\DegerVeReferansTipler.csproj", "{FB8B165A-1B56-4EA0-8377-BD196E24EB3C}"
EndProject
Global
	GlobalSection(SolutionConfigurationPlatforms) = preSolution
		Debug|Any CPU = Debug|Any CPU
		Release|Any CPU = Release|Any CPU
	EndGlobalSection
	GlobalSection(ProjectConfigurationPlatforms) = postSolution
		{D8CA9FA5-04BA-413C-92E4-D87F3B46360E}.Debug|Any CPU.ActiveCfg = Debug|Any CPU
		{D8CA9FA5-04BA-413C-92E4-D87F3B46360E}.Debug|Any CPU.Build.0 = Debug|Any CPU
		{D8CA9FA5-04BA-413C-92E4-D87F3B46360E}.Release|Any CPU.ActiveCfg = Release|Any CPU
		{D8CA9FA5-04BA-413C-92E4-D87F3B46360E}.Release|Any CPU.Build.0 = Release|Any CPU
		{CCC76F95-299A-4733-A31D-C7B11EFBCD45}.Debug|Any CPU.ActiveCfg = Debug|Any CPU
		{CCC76F95-299A-4733-A31D-C7B11EFBCD45}.Debug|Any CPU.Build.0 = Debug|Any CPU
		{CCC76F95-299A-4733-A31D-C7B11EFBCD45}.Release|Any CPU.ActiveCfg = Release|Any CPU
		{CCC76F95-299A-4733-A31D-C7B11EFBCD45}.Release|Any CPU.Build.0 = Release|Any CPU
		{AFA33370-C2FB-4921-ADEF-1D2E88CC364D}.Debug|Any CPU.ActiveCfg = Debug|Any CPU
		{AFA33370-C2FB-4921-ADEF-1D2E88CC364D}.Debug|Any CPU.Build.0 = Debug|Any CPU
		{AFA33370-C2FB-4921-ADEF-1D2E88CC364D}.Release|Any CPU.ActiveCfg = Release|Any CPU
		{AFA33370-C2FB-4921-ADEF-1D2E88CC364D}.Release|Any CPU.Build.0 = Release|Any CPU
		{6B896044-3E5E-4B36-AC17-81423ADC591F}.Debug|Any CPU.ActiveCfg = Debug|Any CPU
		{6B896044-3E5E-4B36-AC17-81423ADC591F}.Debug|Any CPU.Build.0 = Debug|Any CPU
		{6B896044-3E5E-4B36-AC17-81423ADC591F}.Release|Any CPU.ActiveCfg = Release|Any CPU
		{6B896044-3E5E-4B36-AC17-81423ADC591F}.Release|Any CPU.Build.0 = Release|Any CPU
		{41DEC847-C2C9-4A7B-BC41-E1E09F09C99E}.Debug|Any CPU.ActiveCfg = Debug|Any CPU
		{41DEC847-C2C9-4A7B-BC41-E1E09F09C99E}.Debug|Any CPU.Build.0 = Debug|Any CPU
		{41DEC847-C2C9-4A7B-BC41-E1E09F09C99E}.Release|Any CPU.ActiveCfg = Release|Any CPU
		{41DEC847-C2C9-4A7B-BC41-E1E09F09C99E}.Release|Any CPU.Build.0 = Release|Any CPU
		{FB8B165A-1B56-4EA0-8377-BD196E24EB3C}.Debug|Any CPU.ActiveCfg = Debug|Any CPU
		{FB8B165A-1B56-4EA0-8377-BD196E24EB3C}.Debug|Any CPU.Build.0 = Debug|Any CPU
		{FB8B165A-1B56-4EA0-8377-BD196E24EB3C}.Release|Any CPU.ActiveCfg = Release|Any CPU
		{FB8B165A-1B56-4EA0-8377-BD196E24EB3C}.Release|Any CPU.Build.0 = Release|Any CPU
	EndGlobalSection
	GlobalSection(SolutionProperties) = preSolution
		HideSolutionNode = FALSE
	EndGlobalSection
	GlobalSection(ExtensibilityGlobals) = postSolution
		SolutionGuid = {0FFAAC91-74EE-4B27-BDF7-A2D2D3C2B461}
	EndGlobalSection
EndGlobal
